
Microsoft Visual Studio Solution File, Format Version 12.00
# Visual Studio Version 17
VisualStudioVersion = 17.14.36301.6 d17.14
MinimumVisualStudioVersion = 10.0.40219.1
Project("{FAE04EC0-301F-11D3-BF4B-00C04F79EFBC}") = "WebApplication7", "WebApplication7\WebApplication7.csproj", "{16C0AA9D-4F0A-44D1-8EB2-E672BBE831C4}"
EndProject
Global
	GlobalSection(SolutionConfigurationPlatforms) = preSolution
		Debug|Any CPU = Debug|Any CPU
		Release|Any CPU = Release|Any CPU
	EndGlobalSection
	GlobalSection(ProjectConfigurationPlatforms) = postSolution
		{16C0AA9D-4F0A-44D1-8EB2-E672BBE831C4}.Debug|Any CPU.ActiveCfg = Debug|Any CPU
		{16C0AA9D-4F0A-44D1-8EB2-E672BBE831C4}.Debug|Any CPU.Build.0 = Debug|Any CPU
		{16C0AA9D-4F0A-44D1-8EB2-E672BBE831C4}.Release|Any CPU.ActiveCfg = Release|Any CPU
		{16C0AA9D-4F0A-44D1-8EB2-E672BBE831C4}.Release|Any CPU.Build.0 = Release|Any CPU
	EndGlobalSection
	GlobalSection(SolutionProperties) = preSolution
		HideSolutionNode = FALSE
	EndGlobalSection
	GlobalSection(ExtensibilityGlobals) = postSolution
		SolutionGuid = {3B1562CA-B116-472A-BCFA-008F0AFCA0C4}
	EndGlobalSection
EndGlobal
