
Microsoft Visual Studio Solution File, Format Version 12.00
# Visual Studio Version 17
VisualStudioVersion = 17.14.36221.1 d17.14
MinimumVisualStudioVersion = 10.0.40219.1
Project("{FAE04EC0-301F-11D3-BF4B-00C04F79EFBC}") = "WebApplication1", "WebApplication1\WebApplication1.csproj", "{7C04172A-85DF-4F6B-BD94-F3C92094C303}"
EndProject
Global
	GlobalSection(SolutionConfigurationPlatforms) = preSolution
		Debug|Any CPU = Debug|Any CPU
		Release|Any CPU = Release|Any CPU
	EndGlobalSection
	GlobalSection(ProjectConfigurationPlatforms) = postSolution
		{7C04172A-85DF-4F6B-BD94-F3C92094C303}.Debug|Any CPU.ActiveCfg = Debug|Any CPU
		{7C04172A-85DF-4F6B-BD94-F3C92094C303}.Debug|Any CPU.Build.0 = Debug|Any CPU
		{7C04172A-85DF-4F6B-BD94-F3C92094C303}.Release|Any CPU.ActiveCfg = Release|Any CPU
		{7C04172A-85DF-4F6B-BD94-F3C92094C303}.Release|Any CPU.Build.0 = Release|Any CPU
	EndGlobalSection
	GlobalSection(SolutionProperties) = preSolution
		HideSolutionNode = FALSE
	EndGlobalSection
	GlobalSection(ExtensibilityGlobals) = postSolution
		SolutionGuid = {1FE28933-12D3-4EF3-9CA3-04CCE7D3AEC7}
	EndGlobalSection
EndGlobal
