
Microsoft Visual Studio Solution File, Format Version 12.00
# Visual Studio Version 17
VisualStudioVersion = 17.14.36221.1 d17.14
MinimumVisualStudioVersion = 10.0.40219.1
Project("{FAE04EC0-301F-11D3-BF4B-00C04F79EFBC}") = "WebApplication3", "WebApplication3\WebApplication3.csproj", "{6C1B94CE-FB33-4B6C-B25F-E3B2C2EEA15D}"
EndProject
Global
	GlobalSection(SolutionConfigurationPlatforms) = preSolution
		Debug|Any CPU = Debug|Any CPU
		Release|Any CPU = Release|Any CPU
	EndGlobalSection
	GlobalSection(ProjectConfigurationPlatforms) = postSolution
		{6C1B94CE-FB33-4B6C-B25F-E3B2C2EEA15D}.Debug|Any CPU.ActiveCfg = Debug|Any CPU
		{6C1B94CE-FB33-4B6C-B25F-E3B2C2EEA15D}.Debug|Any CPU.Build.0 = Debug|Any CPU
		{6C1B94CE-FB33-4B6C-B25F-E3B2C2EEA15D}.Release|Any CPU.ActiveCfg = Release|Any CPU
		{6C1B94CE-FB33-4B6C-B25F-E3B2C2EEA15D}.Release|Any CPU.Build.0 = Release|Any CPU
	EndGlobalSection
	GlobalSection(SolutionProperties) = preSolution
		HideSolutionNode = FALSE
	EndGlobalSection
	GlobalSection(ExtensibilityGlobals) = postSolution
		SolutionGuid = {65461988-C1DC-4A44-BADD-2EF70FDB6AC8}
	EndGlobalSection
EndGlobal
