
Microsoft Visual Studio Solution File, Format Version 12.00
# Visual Studio Version 17
VisualStudioVersion = 17.14.36301.6 d17.14
MinimumVisualStudioVersion = 10.0.40219.1
Project("{FAE04EC0-301F-11D3-BF4B-00C04F79EFBC}") = "WebApplication5", "WebApplication5\WebApplication5.csproj", "{C0987870-8E9A-4175-B3EA-C23B2D3BB8CE}"
EndProject
Global
	GlobalSection(SolutionConfigurationPlatforms) = preSolution
		Debug|Any CPU = Debug|Any CPU
		Release|Any CPU = Release|Any CPU
	EndGlobalSection
	GlobalSection(ProjectConfigurationPlatforms) = postSolution
		{C0987870-8E9A-4175-B3EA-C23B2D3BB8CE}.Debug|Any CPU.ActiveCfg = Debug|Any CPU
		{C0987870-8E9A-4175-B3EA-C23B2D3BB8CE}.Debug|Any CPU.Build.0 = Debug|Any CPU
		{C0987870-8E9A-4175-B3EA-C23B2D3BB8CE}.Release|Any CPU.ActiveCfg = Release|Any CPU
		{C0987870-8E9A-4175-B3EA-C23B2D3BB8CE}.Release|Any CPU.Build.0 = Release|Any CPU
	EndGlobalSection
	GlobalSection(SolutionProperties) = preSolution
		HideSolutionNode = FALSE
	EndGlobalSection
	GlobalSection(ExtensibilityGlobals) = postSolution
		SolutionGuid = {A9B4E71E-1F9A-4584-A103-C786C0A0B2E6}
	EndGlobalSection
EndGlobal
